{
  "name": "@zoya-finance/code-style-guide",
  "version": "1.0.0",
  "lockfileVersion": 2,
  "requires": true,
  "packages": {
    "": {
      "name": "@zoya-finance/code-style-guide",
      "version": "1.0.0",
      "license": "MIT",
      "workspaces": [
        "packages/*"
      ]
    },
    "node_modules/@zoya-finance/prettier-config": {
      "resolved": "packages/prettier-config",
      "link": true
    },
    "packages/prettier-config": {
      "name": "@zoya-finance/prettier-config",
      "version": "1.0.0",
      "license": "MIT"
    }
  },
  "dependencies": {
    "@zoya-finance/prettier-config": {
      "version": "file:packages/prettier-config"
    }
  }
}
